
Microsoft Visual Studio Solution File, Format Version 12.00
# Visual Studio Version 17
VisualStudioVersion = 17.5.33516.290
MinimumVisualStudioVersion = 10.0.40219.1
Project("{FAE04EC0-301F-11D3-BF4B-00C04F79EFBC}") = "SpicaStream", "SpicaStream\SpicaStream.csproj", "{72CE9F6C-B8CA-4904-9D76-9A4E6248EF0C}"
EndProject
Global
	GlobalSection(SolutionConfigurationPlatforms) = preSolution
		Debug|Any CPU = Debug|Any CPU
		Release|Any CPU = Release|Any CPU
	EndGlobalSection
	GlobalSection(ProjectConfigurationPlatforms) = postSolution
		{72CE9F6C-B8CA-4904-9D76-9A4E6248EF0C}.Debug|Any CPU.ActiveCfg = Debug|Any CPU
		{72CE9F6C-B8CA-4904-9D76-9A4E6248EF0C}.Debug|Any CPU.Build.0 = Debug|Any CPU
		{72CE9F6C-B8CA-4904-9D76-9A4E6248EF0C}.Release|Any CPU.ActiveCfg = Release|Any CPU
		{72CE9F6C-B8CA-4904-9D76-9A4E6248EF0C}.Release|Any CPU.Build.0 = Release|Any CPU
	EndGlobalSection
	GlobalSection(SolutionProperties) = preSolution
		HideSolutionNode = FALSE
	EndGlobalSection
	GlobalSection(ExtensibilityGlobals) = postSolution
		SolutionGuid = {7F52FEBF-0347-4CF9-ABA0-9F1AA1363C85}
	EndGlobalSection
EndGlobal
